
Microsoft Visual Studio Solution File, Format Version 12.00
# Visual Studio 15
Project("{FAE04EC0-301F-11D3-BF4B-00C04F79EFBC}") = "Oculus.Platform", "Oculus.Platform.csproj", "{9DCE0CA6-E701-0F0B-6460-FA3603A95CC5}"
EndProject
Project("{FAE04EC0-301F-11D3-BF4B-00C04F79EFBC}") = "Assembly-CSharp", "Assembly-CSharp.csproj", "{A84B666F-F33F-8786-FF6A-BD58AB0E4770}"
EndProject
Project("{FAE04EC0-301F-11D3-BF4B-00C04F79EFBC}") = "Oculus.Spatializer", "Oculus.Spatializer.csproj", "{5B16F921-6E5F-801E-58A0-3CB6D712A776}"
EndProject
Project("{FAE04EC0-301F-11D3-BF4B-00C04F79EFBC}") = "Meta.WitAi", "Meta.WitAi.csproj", "{19B21C61-9F7E-D55B-DDEF-D258B7FBF61B}"
EndProject
Project("{FAE04EC0-301F-11D3-BF4B-00C04F79EFBC}") = "Oculus.Interaction", "Oculus.Interaction.csproj", "{08FF5135-3B45-DACC-8C25-9878CE05ED91}"
EndProject
Project("{FAE04EC0-301F-11D3-BF4B-00C04F79EFBC}") = "Oculus.Interaction.OVR.Samples", "Oculus.Interaction.OVR.Samples.csproj", "{A80C8992-9721-645D-F4DD-423E3781B651}"
EndProject
Project("{FAE04EC0-301F-11D3-BF4B-00C04F79EFBC}") = "Oculus.VR", "Oculus.VR.csproj", "{28BCA0EE-390F-CF07-6082-8D7C44A39419}"
EndProject
Project("{FAE04EC0-301F-11D3-BF4B-00C04F79EFBC}") = "VoiceSDK.Dictation.Runtime", "VoiceSDK.Dictation.Runtime.csproj", "{CE4A2B8A-917A-54D1-DCEB-C391A33A2DD4}"
EndProject
Project("{FAE04EC0-301F-11D3-BF4B-00C04F79EFBC}") = "Meta.WitAi.TTS", "Meta.WitAi.TTS.csproj", "{2EBC02B6-BD8A-6C0D-20DA-3B72D30C26B7}"
EndProject
Project("{FAE04EC0-301F-11D3-BF4B-00C04F79EFBC}") = "Meta.WitAi.Lib", "Meta.WitAi.Lib.csproj", "{E1F3BA97-2383-C179-18F9-A2A45E55836B}"
EndProject
Project("{FAE04EC0-301F-11D3-BF4B-00C04F79EFBC}") = "Oculus.AudioManager", "Oculus.AudioManager.csproj", "{A03E979B-5E82-E89C-5F9E-C8F03FA49DD7}"
EndProject
Project("{FAE04EC0-301F-11D3-BF4B-00C04F79EFBC}") = "VoiceSDK.Runtime", "VoiceSDK.Runtime.csproj", "{1DC43318-054F-79BF-AB1F-6A0B2F16B8F7}"
EndProject
Project("{FAE04EC0-301F-11D3-BF4B-00C04F79EFBC}") = "Facebook.Wit.Dictation", "Facebook.Wit.Dictation.csproj", "{8CDB6AB9-F792-4E69-4824-8879EE31D585}"
EndProject
Project("{FAE04EC0-301F-11D3-BF4B-00C04F79EFBC}") = "Meta.WitAi.TTS.Samples", "Meta.WitAi.TTS.Samples.csproj", "{45274143-4856-FEAF-01C8-B96C47549B26}"
EndProject
Project("{FAE04EC0-301F-11D3-BF4B-00C04F79EFBC}") = "Oculus.Voice.Demo", "Oculus.Voice.Demo.csproj", "{EDB14608-D284-AF10-5CF4-799887E289CF}"
EndProject
Project("{FAE04EC0-301F-11D3-BF4B-00C04F79EFBC}") = "Oculus.Interaction.OVR", "Oculus.Interaction.OVR.csproj", "{74BE5AD0-EC72-B42F-45C5-8E89A57A8F05}"
EndProject
Project("{FAE04EC0-301F-11D3-BF4B-00C04F79EFBC}") = "AssistantCoreSDKRuntime", "AssistantCoreSDKRuntime.csproj", "{72845ABF-73CD-31A4-000D-84AA42E0155B}"
EndProject
Project("{FAE04EC0-301F-11D3-BF4B-00C04F79EFBC}") = "Meta.WitAi.Conduit", "Meta.WitAi.Conduit.csproj", "{F6CBD052-4455-C463-BB15-E780BD9DBD69}"
EndProject
Project("{FAE04EC0-301F-11D3-BF4B-00C04F79EFBC}") = "Oculus.LipSync", "Oculus.LipSync.csproj", "{7B46D6FB-A99A-92BC-9E09-126DC2710684}"
EndProject
Project("{FAE04EC0-301F-11D3-BF4B-00C04F79EFBC}") = "Meta.VoiceSDK.Mic.Other", "Meta.VoiceSDK.Mic.Other.csproj", "{F1DF4D7F-D30A-D128-3656-D048D1890242}"
EndProject
Project("{FAE04EC0-301F-11D3-BF4B-00C04F79EFBC}") = "Meta.VoiceSDK.Mic.Common", "Meta.VoiceSDK.Mic.Common.csproj", "{99FC9C01-2650-E35E-67F6-27CB158C873F}"
EndProject
Project("{FAE04EC0-301F-11D3-BF4B-00C04F79EFBC}") = "Meta.VoiceSDK.Mic.WebGL", "Meta.VoiceSDK.Mic.WebGL.csproj", "{22F28AAF-CEF2-6F82-BEC0-A9A76BEB5DF9}"
EndProject
Project("{FAE04EC0-301F-11D3-BF4B-00C04F79EFBC}") = "Meta.WitAi.Editor", "Meta.WitAi.Editor.csproj", "{51936FAC-C8DC-E59E-6A63-7C7BC493A53E}"
EndProject
Project("{FAE04EC0-301F-11D3-BF4B-00C04F79EFBC}") = "Oculus.Interaction.Editor", "Oculus.Interaction.Editor.csproj", "{DDC3618B-248C-33D5-BA38-4A4B9526CB99}"
EndProject
Project("{FAE04EC0-301F-11D3-BF4B-00C04F79EFBC}") = "Meta.WitAI.Lib.Editor", "Meta.WitAI.Lib.Editor.csproj", "{BF6C16AB-7C29-79E0-11FD-83787EF322EF}"
EndProject
Project("{FAE04EC0-301F-11D3-BF4B-00C04F79EFBC}") = "Oculus.VR.Editor", "Oculus.VR.Editor.csproj", "{A168D027-3DD9-CA6D-01B8-D38146CD2324}"
EndProject
Project("{FAE04EC0-301F-11D3-BF4B-00C04F79EFBC}") = "Meta.WitAi.Conduit.Editor", "Meta.WitAi.Conduit.Editor.csproj", "{4EED62C5-C8F6-D64D-723D-6851C389B805}"
EndProject
Project("{FAE04EC0-301F-11D3-BF4B-00C04F79EFBC}") = "Oculus.Interaction.OVR.Editor", "Oculus.Interaction.OVR.Editor.csproj", "{16DE347A-5ED5-129D-FA2B-A1EC7CC9C041}"
EndProject
Project("{FAE04EC0-301F-11D3-BF4B-00C04F79EFBC}") = "Assembly-CSharp-Editor", "Assembly-CSharp-Editor.csproj", "{D6D86637-5F1F-90A4-E376-2FFB0DC1F968}"
EndProject
Project("{FAE04EC0-301F-11D3-BF4B-00C04F79EFBC}") = "Oculus.Interaction.Samples.Editor", "Oculus.Interaction.Samples.Editor.csproj", "{A7C11F42-90BB-3395-3887-7081E43BD2D7}"
EndProject
Project("{FAE04EC0-301F-11D3-BF4B-00C04F79EFBC}") = "Oculus.VR.Scripts.Editor", "Oculus.VR.Scripts.Editor.csproj", "{86CB2740-2EA1-C7F9-33AE-FA60A0AC371E}"
EndProject
Project("{FAE04EC0-301F-11D3-BF4B-00C04F79EFBC}") = "VoiceSDK.Editor", "VoiceSDK.Editor.csproj", "{6D814D75-E6D1-0B96-F780-7DC7F1C4A8AD}"
EndProject
Project("{FAE04EC0-301F-11D3-BF4B-00C04F79EFBC}") = "Oculus.Spatializer.Editor", "Oculus.Spatializer.Editor.csproj", "{D6F5EB2D-B27D-88B0-A850-C76696BDC060}"
EndProject
Project("{FAE04EC0-301F-11D3-BF4B-00C04F79EFBC}") = "Meta.WitAi.TTS.Editor", "Meta.WitAi.TTS.Editor.csproj", "{8D3EC5C6-1608-3B6F-3A11-D46BE21B1BF6}"
EndProject
Project("{FAE04EC0-301F-11D3-BF4B-00C04F79EFBC}") = "Facebook.Wit.Dictation.Editor", "Facebook.Wit.Dictation.Editor.csproj", "{016B679A-4FD9-C478-CD57-E58858171FEE}"
EndProject
Project("{FAE04EC0-301F-11D3-BF4B-00C04F79EFBC}") = "VoiceSDK.Dictation.Editor", "VoiceSDK.Dictation.Editor.csproj", "{FFBF3D2E-9840-0D3C-553C-6CBD32795ACB}"
EndProject
Project("{FAE04EC0-301F-11D3-BF4B-00C04F79EFBC}") = "Oculus.Platform.Editor", "Oculus.Platform.Editor.csproj", "{D0705BE3-7693-E6F7-D331-17A88A3978F9}"
EndProject
Project("{FAE04EC0-301F-11D3-BF4B-00C04F79EFBC}") = "Oculus.AudioManager.Audio.Editor", "Oculus.AudioManager.Audio.Editor.csproj", "{F5D9CD7F-3ACA-C7E1-5266-9CB470A77B3E}"
EndProject
Project("{FAE04EC0-301F-11D3-BF4B-00C04F79EFBC}") = "Oculus.Interaction.InterfaceSupport", "Oculus.Interaction.InterfaceSupport.csproj", "{CC07EF8F-AD10-710D-0B6C-F895104F4E7F}"
EndProject
Project("{FAE04EC0-301F-11D3-BF4B-00C04F79EFBC}") = "Oculus.LipSync.Editor", "Oculus.LipSync.Editor.csproj", "{7C31E065-D9F4-8924-CEE1-0A1EFB7EBE93}"
EndProject
Project("{FAE04EC0-301F-11D3-BF4B-00C04F79EFBC}") = "AssistantCoreSDKEditor", "AssistantCoreSDKEditor.csproj", "{E184EE33-4C09-0E76-D9BA-BFD9149E64C6}"
EndProject
Project("{FAE04EC0-301F-11D3-BF4B-00C04F79EFBC}") = "Oculus.AudioManager.Utils.Editor", "Oculus.AudioManager.Utils.Editor.csproj", "{C60B4824-E9AF-4E5C-0929-335DE0DBB950}"
EndProject
Global
	GlobalSection(SolutionConfigurationPlatforms) = preSolution
		Debug|Any CPU = Debug|Any CPU
		Release|Any CPU = Release|Any CPU
	EndGlobalSection
	GlobalSection(ProjectConfigurationPlatforms) = postSolution
		{9DCE0CA6-E701-0F0B-6460-FA3603A95CC5}.Debug|Any CPU.ActiveCfg = Debug|Any CPU
		{9DCE0CA6-E701-0F0B-6460-FA3603A95CC5}.Debug|Any CPU.Build.0 = Debug|Any CPU
		{9DCE0CA6-E701-0F0B-6460-FA3603A95CC5}.Release|Any CPU.ActiveCfg = Release|Any CPU
		{9DCE0CA6-E701-0F0B-6460-FA3603A95CC5}.Release|Any CPU.Build.0 = Release|Any CPU
		{A84B666F-F33F-8786-FF6A-BD58AB0E4770}.Debug|Any CPU.ActiveCfg = Debug|Any CPU
		{A84B666F-F33F-8786-FF6A-BD58AB0E4770}.Debug|Any CPU.Build.0 = Debug|Any CPU
		{A84B666F-F33F-8786-FF6A-BD58AB0E4770}.Release|Any CPU.ActiveCfg = Release|Any CPU
		{A84B666F-F33F-8786-FF6A-BD58AB0E4770}.Release|Any CPU.Build.0 = Release|Any CPU
		{5B16F921-6E5F-801E-58A0-3CB6D712A776}.Debug|Any CPU.ActiveCfg = Debug|Any CPU
		{5B16F921-6E5F-801E-58A0-3CB6D712A776}.Debug|Any CPU.Build.0 = Debug|Any CPU
		{5B16F921-6E5F-801E-58A0-3CB6D712A776}.Release|Any CPU.ActiveCfg = Release|Any CPU
		{5B16F921-6E5F-801E-58A0-3CB6D712A776}.Release|Any CPU.Build.0 = Release|Any CPU
		{19B21C61-9F7E-D55B-DDEF-D258B7FBF61B}.Debug|Any CPU.ActiveCfg = Debug|Any CPU
		{19B21C61-9F7E-D55B-DDEF-D258B7FBF61B}.Debug|Any CPU.Build.0 = Debug|Any CPU
		{19B21C61-9F7E-D55B-DDEF-D258B7FBF61B}.Release|Any CPU.ActiveCfg = Release|Any CPU
		{19B21C61-9F7E-D55B-DDEF-D258B7FBF61B}.Release|Any CPU.Build.0 = Release|Any CPU
		{08FF5135-3B45-DACC-8C25-9878CE05ED91}.Debug|Any CPU.ActiveCfg = Debug|Any CPU
		{08FF5135-3B45-DACC-8C25-9878CE05ED91}.Debug|Any CPU.Build.0 = Debug|Any CPU
		{08FF5135-3B45-DACC-8C25-9878CE05ED91}.Release|Any CPU.ActiveCfg = Release|Any CPU
		{08FF5135-3B45-DACC-8C25-9878CE05ED91}.Release|Any CPU.Build.0 = Release|Any CPU
		{A80C8992-9721-645D-F4DD-423E3781B651}.Debug|Any CPU.ActiveCfg = Debug|Any CPU
		{A80C8992-9721-645D-F4DD-423E3781B651}.Debug|Any CPU.Build.0 = Debug|Any CPU
		{A80C8992-9721-645D-F4DD-423E3781B651}.Release|Any CPU.ActiveCfg = Release|Any CPU
		{A80C8992-9721-645D-F4DD-423E3781B651}.Release|Any CPU.Build.0 = Release|Any CPU
		{28BCA0EE-390F-CF07-6082-8D7C44A39419}.Debug|Any CPU.ActiveCfg = Debug|Any CPU
		{28BCA0EE-390F-CF07-6082-8D7C44A39419}.Debug|Any CPU.Build.0 = Debug|Any CPU
		{28BCA0EE-390F-CF07-6082-8D7C44A39419}.Release|Any CPU.ActiveCfg = Release|Any CPU
		{28BCA0EE-390F-CF07-6082-8D7C44A39419}.Release|Any CPU.Build.0 = Release|Any CPU
		{CE4A2B8A-917A-54D1-DCEB-C391A33A2DD4}.Debug|Any CPU.ActiveCfg = Debug|Any CPU
		{CE4A2B8A-917A-54D1-DCEB-C391A33A2DD4}.Debug|Any CPU.Build.0 = Debug|Any CPU
		{CE4A2B8A-917A-54D1-DCEB-C391A33A2DD4}.Release|Any CPU.ActiveCfg = Release|Any CPU
		{CE4A2B8A-917A-54D1-DCEB-C391A33A2DD4}.Release|Any CPU.Build.0 = Release|Any CPU
		{2EBC02B6-BD8A-6C0D-20DA-3B72D30C26B7}.Debug|Any CPU.ActiveCfg = Debug|Any CPU
		{2EBC02B6-BD8A-6C0D-20DA-3B72D30C26B7}.Debug|Any CPU.Build.0 = Debug|Any CPU
		{2EBC02B6-BD8A-6C0D-20DA-3B72D30C26B7}.Release|Any CPU.ActiveCfg = Release|Any CPU
		{2EBC02B6-BD8A-6C0D-20DA-3B72D30C26B7}.Release|Any CPU.Build.0 = Release|Any CPU
		{E1F3BA97-2383-C179-18F9-A2A45E55836B}.Debug|Any CPU.ActiveCfg = Debug|Any CPU
		{E1F3BA97-2383-C179-18F9-A2A45E55836B}.Debug|Any CPU.Build.0 = Debug|Any CPU
		{E1F3BA97-2383-C179-18F9-A2A45E55836B}.Release|Any CPU.ActiveCfg = Release|Any CPU
		{E1F3BA97-2383-C179-18F9-A2A45E55836B}.Release|Any CPU.Build.0 = Release|Any CPU
		{A03E979B-5E82-E89C-5F9E-C8F03FA49DD7}.Debug|Any CPU.ActiveCfg = Debug|Any CPU
		{A03E979B-5E82-E89C-5F9E-C8F03FA49DD7}.Debug|Any CPU.Build.0 = Debug|Any CPU
		{A03E979B-5E82-E89C-5F9E-C8F03FA49DD7}.Release|Any CPU.ActiveCfg = Release|Any CPU
		{A03E979B-5E82-E89C-5F9E-C8F03FA49DD7}.Release|Any CPU.Build.0 = Release|Any CPU
		{1DC43318-054F-79BF-AB1F-6A0B2F16B8F7}.Debug|Any CPU.ActiveCfg = Debug|Any CPU
		{1DC43318-054F-79BF-AB1F-6A0B2F16B8F7}.Debug|Any CPU.Build.0 = Debug|Any CPU
		{1DC43318-054F-79BF-AB1F-6A0B2F16B8F7}.Release|Any CPU.ActiveCfg = Release|Any CPU
		{1DC43318-054F-79BF-AB1F-6A0B2F16B8F7}.Release|Any CPU.Build.0 = Release|Any CPU
		{8CDB6AB9-F792-4E69-4824-8879EE31D585}.Debug|Any CPU.ActiveCfg = Debug|Any CPU
		{8CDB6AB9-F792-4E69-4824-8879EE31D585}.Debug|Any CPU.Build.0 = Debug|Any CPU
		{8CDB6AB9-F792-4E69-4824-8879EE31D585}.Release|Any CPU.ActiveCfg = Release|Any CPU
		{8CDB6AB9-F792-4E69-4824-8879EE31D585}.Release|Any CPU.Build.0 = Release|Any CPU
		{45274143-4856-FEAF-01C8-B96C47549B26}.Debug|Any CPU.ActiveCfg = Debug|Any CPU
		{45274143-4856-FEAF-01C8-B96C47549B26}.Debug|Any CPU.Build.0 = Debug|Any CPU
		{45274143-4856-FEAF-01C8-B96C47549B26}.Release|Any CPU.ActiveCfg = Release|Any CPU
		{45274143-4856-FEAF-01C8-B96C47549B26}.Release|Any CPU.Build.0 = Release|Any CPU
		{EDB14608-D284-AF10-5CF4-799887E289CF}.Debug|Any CPU.ActiveCfg = Debug|Any CPU
		{EDB14608-D284-AF10-5CF4-799887E289CF}.Debug|Any CPU.Build.0 = Debug|Any CPU
		{EDB14608-D284-AF10-5CF4-799887E289CF}.Release|Any CPU.ActiveCfg = Release|Any CPU
		{EDB14608-D284-AF10-5CF4-799887E289CF}.Release|Any CPU.Build.0 = Release|Any CPU
		{74BE5AD0-EC72-B42F-45C5-8E89A57A8F05}.Debug|Any CPU.ActiveCfg = Debug|Any CPU
		{74BE5AD0-EC72-B42F-45C5-8E89A57A8F05}.Debug|Any CPU.Build.0 = Debug|Any CPU
		{74BE5AD0-EC72-B42F-45C5-8E89A57A8F05}.Release|Any CPU.ActiveCfg = Release|Any CPU
		{74BE5AD0-EC72-B42F-45C5-8E89A57A8F05}.Release|Any CPU.Build.0 = Release|Any CPU
		{72845ABF-73CD-31A4-000D-84AA42E0155B}.Debug|Any CPU.ActiveCfg = Debug|Any CPU
		{72845ABF-73CD-31A4-000D-84AA42E0155B}.Debug|Any CPU.Build.0 = Debug|Any CPU
		{72845ABF-73CD-31A4-000D-84AA42E0155B}.Release|Any CPU.ActiveCfg = Release|Any CPU
		{72845ABF-73CD-31A4-000D-84AA42E0155B}.Release|Any CPU.Build.0 = Release|Any CPU
		{F6CBD052-4455-C463-BB15-E780BD9DBD69}.Debug|Any CPU.ActiveCfg = Debug|Any CPU
		{F6CBD052-4455-C463-BB15-E780BD9DBD69}.Debug|Any CPU.Build.0 = Debug|Any CPU
		{F6CBD052-4455-C463-BB15-E780BD9DBD69}.Release|Any CPU.ActiveCfg = Release|Any CPU
		{F6CBD052-4455-C463-BB15-E780BD9DBD69}.Release|Any CPU.Build.0 = Release|Any CPU
		{7B46D6FB-A99A-92BC-9E09-126DC2710684}.Debug|Any CPU.ActiveCfg = Debug|Any CPU
		{7B46D6FB-A99A-92BC-9E09-126DC2710684}.Debug|Any CPU.Build.0 = Debug|Any CPU
		{7B46D6FB-A99A-92BC-9E09-126DC2710684}.Release|Any CPU.ActiveCfg = Release|Any CPU
		{7B46D6FB-A99A-92BC-9E09-126DC2710684}.Release|Any CPU.Build.0 = Release|Any CPU
		{F1DF4D7F-D30A-D128-3656-D048D1890242}.Debug|Any CPU.ActiveCfg = Debug|Any CPU
		{F1DF4D7F-D30A-D128-3656-D048D1890242}.Debug|Any CPU.Build.0 = Debug|Any CPU
		{F1DF4D7F-D30A-D128-3656-D048D1890242}.Release|Any CPU.ActiveCfg = Release|Any CPU
		{F1DF4D7F-D30A-D128-3656-D048D1890242}.Release|Any CPU.Build.0 = Release|Any CPU
		{99FC9C01-2650-E35E-67F6-27CB158C873F}.Debug|Any CPU.ActiveCfg = Debug|Any CPU
		{99FC9C01-2650-E35E-67F6-27CB158C873F}.Debug|Any CPU.Build.0 = Debug|Any CPU
		{99FC9C01-2650-E35E-67F6-27CB158C873F}.Release|Any CPU.ActiveCfg = Release|Any CPU
		{99FC9C01-2650-E35E-67F6-27CB158C873F}.Release|Any CPU.Build.0 = Release|Any CPU
		{22F28AAF-CEF2-6F82-BEC0-A9A76BEB5DF9}.Debug|Any CPU.ActiveCfg = Debug|Any CPU
		{22F28AAF-CEF2-6F82-BEC0-A9A76BEB5DF9}.Debug|Any CPU.Build.0 = Debug|Any CPU
		{22F28AAF-CEF2-6F82-BEC0-A9A76BEB5DF9}.Release|Any CPU.ActiveCfg = Release|Any CPU
		{22F28AAF-CEF2-6F82-BEC0-A9A76BEB5DF9}.Release|Any CPU.Build.0 = Release|Any CPU
		{51936FAC-C8DC-E59E-6A63-7C7BC493A53E}.Debug|Any CPU.ActiveCfg = Debug|Any CPU
		{51936FAC-C8DC-E59E-6A63-7C7BC493A53E}.Debug|Any CPU.Build.0 = Debug|Any CPU
		{51936FAC-C8DC-E59E-6A63-7C7BC493A53E}.Release|Any CPU.ActiveCfg = Release|Any CPU
		{51936FAC-C8DC-E59E-6A63-7C7BC493A53E}.Release|Any CPU.Build.0 = Release|Any CPU
		{DDC3618B-248C-33D5-BA38-4A4B9526CB99}.Debug|Any CPU.ActiveCfg = Debug|Any CPU
		{DDC3618B-248C-33D5-BA38-4A4B9526CB99}.Debug|Any CPU.Build.0 = Debug|Any CPU
		{DDC3618B-248C-33D5-BA38-4A4B9526CB99}.Release|Any CPU.ActiveCfg = Release|Any CPU
		{DDC3618B-248C-33D5-BA38-4A4B9526CB99}.Release|Any CPU.Build.0 = Release|Any CPU
		{BF6C16AB-7C29-79E0-11FD-83787EF322EF}.Debug|Any CPU.ActiveCfg = Debug|Any CPU
		{BF6C16AB-7C29-79E0-11FD-83787EF322EF}.Debug|Any CPU.Build.0 = Debug|Any CPU
		{BF6C16AB-7C29-79E0-11FD-83787EF322EF}.Release|Any CPU.ActiveCfg = Release|Any CPU
		{BF6C16AB-7C29-79E0-11FD-83787EF322EF}.Release|Any CPU.Build.0 = Release|Any CPU
		{A168D027-3DD9-CA6D-01B8-D38146CD2324}.Debug|Any CPU.ActiveCfg = Debug|Any CPU
		{A168D027-3DD9-CA6D-01B8-D38146CD2324}.Debug|Any CPU.Build.0 = Debug|Any CPU
		{A168D027-3DD9-CA6D-01B8-D38146CD2324}.Release|Any CPU.ActiveCfg = Release|Any CPU
		{A168D027-3DD9-CA6D-01B8-D38146CD2324}.Release|Any CPU.Build.0 = Release|Any CPU
		{4EED62C5-C8F6-D64D-723D-6851C389B805}.Debug|Any CPU.ActiveCfg = Debug|Any CPU
		{4EED62C5-C8F6-D64D-723D-6851C389B805}.Debug|Any CPU.Build.0 = Debug|Any CPU
		{4EED62C5-C8F6-D64D-723D-6851C389B805}.Release|Any CPU.ActiveCfg = Release|Any CPU
		{4EED62C5-C8F6-D64D-723D-6851C389B805}.Release|Any CPU.Build.0 = Release|Any CPU
		{16DE347A-5ED5-129D-FA2B-A1EC7CC9C041}.Debug|Any CPU.ActiveCfg = Debug|Any CPU
		{16DE347A-5ED5-129D-FA2B-A1EC7CC9C041}.Debug|Any CPU.Build.0 = Debug|Any CPU
		{16DE347A-5ED5-129D-FA2B-A1EC7CC9C041}.Release|Any CPU.ActiveCfg = Release|Any CPU
		{16DE347A-5ED5-129D-FA2B-A1EC7CC9C041}.Release|Any CPU.Build.0 = Release|Any CPU
		{D6D86637-5F1F-90A4-E376-2FFB0DC1F968}.Debug|Any CPU.ActiveCfg = Debug|Any CPU
		{D6D86637-5F1F-90A4-E376-2FFB0DC1F968}.Debug|Any CPU.Build.0 = Debug|Any CPU
		{D6D86637-5F1F-90A4-E376-2FFB0DC1F968}.Release|Any CPU.ActiveCfg = Release|Any CPU
		{D6D86637-5F1F-90A4-E376-2FFB0DC1F968}.Release|Any CPU.Build.0 = Release|Any CPU
		{A7C11F42-90BB-3395-3887-7081E43BD2D7}.Debug|Any CPU.ActiveCfg = Debug|Any CPU
		{A7C11F42-90BB-3395-3887-7081E43BD2D7}.Debug|Any CPU.Build.0 = Debug|Any CPU
		{A7C11F42-90BB-3395-3887-7081E43BD2D7}.Release|Any CPU.ActiveCfg = Release|Any CPU
		{A7C11F42-90BB-3395-3887-7081E43BD2D7}.Release|Any CPU.Build.0 = Release|Any CPU
		{86CB2740-2EA1-C7F9-33AE-FA60A0AC371E}.Debug|Any CPU.ActiveCfg = Debug|Any CPU
		{86CB2740-2EA1-C7F9-33AE-FA60A0AC371E}.Debug|Any CPU.Build.0 = Debug|Any CPU
		{86CB2740-2EA1-C7F9-33AE-FA60A0AC371E}.Release|Any CPU.ActiveCfg = Release|Any CPU
		{86CB2740-2EA1-C7F9-33AE-FA60A0AC371E}.Release|Any CPU.Build.0 = Release|Any CPU
		{6D814D75-E6D1-0B96-F780-7DC7F1C4A8AD}.Debug|Any CPU.ActiveCfg = Debug|Any CPU
		{6D814D75-E6D1-0B96-F780-7DC7F1C4A8AD}.Debug|Any CPU.Build.0 = Debug|Any CPU
		{6D814D75-E6D1-0B96-F780-7DC7F1C4A8AD}.Release|Any CPU.ActiveCfg = Release|Any CPU
		{6D814D75-E6D1-0B96-F780-7DC7F1C4A8AD}.Release|Any CPU.Build.0 = Release|Any CPU
		{D6F5EB2D-B27D-88B0-A850-C76696BDC060}.Debug|Any CPU.ActiveCfg = Debug|Any CPU
		{D6F5EB2D-B27D-88B0-A850-C76696BDC060}.Debug|Any CPU.Build.0 = Debug|Any CPU
		{D6F5EB2D-B27D-88B0-A850-C76696BDC060}.Release|Any CPU.ActiveCfg = Release|Any CPU
		{D6F5EB2D-B27D-88B0-A850-C76696BDC060}.Release|Any CPU.Build.0 = Release|Any CPU
		{8D3EC5C6-1608-3B6F-3A11-D46BE21B1BF6}.Debug|Any CPU.ActiveCfg = Debug|Any CPU
		{8D3EC5C6-1608-3B6F-3A11-D46BE21B1BF6}.Debug|Any CPU.Build.0 = Debug|Any CPU
		{8D3EC5C6-1608-3B6F-3A11-D46BE21B1BF6}.Release|Any CPU.ActiveCfg = Release|Any CPU
		{8D3EC5C6-1608-3B6F-3A11-D46BE21B1BF6}.Release|Any CPU.Build.0 = Release|Any CPU
		{016B679A-4FD9-C478-CD57-E58858171FEE}.Debug|Any CPU.ActiveCfg = Debug|Any CPU
		{016B679A-4FD9-C478-CD57-E58858171FEE}.Debug|Any CPU.Build.0 = Debug|Any CPU
		{016B679A-4FD9-C478-CD57-E58858171FEE}.Release|Any CPU.ActiveCfg = Release|Any CPU
		{016B679A-4FD9-C478-CD57-E58858171FEE}.Release|Any CPU.Build.0 = Release|Any CPU
		{FFBF3D2E-9840-0D3C-553C-6CBD32795ACB}.Debug|Any CPU.ActiveCfg = Debug|Any CPU
		{FFBF3D2E-9840-0D3C-553C-6CBD32795ACB}.Debug|Any CPU.Build.0 = Debug|Any CPU
		{FFBF3D2E-9840-0D3C-553C-6CBD32795ACB}.Release|Any CPU.ActiveCfg = Release|Any CPU
		{FFBF3D2E-9840-0D3C-553C-6CBD32795ACB}.Release|Any CPU.Build.0 = Release|Any CPU
		{D0705BE3-7693-E6F7-D331-17A88A3978F9}.Debug|Any CPU.ActiveCfg = Debug|Any CPU
		{D0705BE3-7693-E6F7-D331-17A88A3978F9}.Debug|Any CPU.Build.0 = Debug|Any CPU
		{D0705BE3-7693-E6F7-D331-17A88A3978F9}.Release|Any CPU.ActiveCfg = Release|Any CPU
		{D0705BE3-7693-E6F7-D331-17A88A3978F9}.Release|Any CPU.Build.0 = Release|Any CPU
		{F5D9CD7F-3ACA-C7E1-5266-9CB470A77B3E}.Debug|Any CPU.ActiveCfg = Debug|Any CPU
		{F5D9CD7F-3ACA-C7E1-5266-9CB470A77B3E}.Debug|Any CPU.Build.0 = Debug|Any CPU
		{F5D9CD7F-3ACA-C7E1-5266-9CB470A77B3E}.Release|Any CPU.ActiveCfg = Release|Any CPU
		{F5D9CD7F-3ACA-C7E1-5266-9CB470A77B3E}.Release|Any CPU.Build.0 = Release|Any CPU
		{CC07EF8F-AD10-710D-0B6C-F895104F4E7F}.Debug|Any CPU.ActiveCfg = Debug|Any CPU
		{CC07EF8F-AD10-710D-0B6C-F895104F4E7F}.Debug|Any CPU.Build.0 = Debug|Any CPU
		{CC07EF8F-AD10-710D-0B6C-F895104F4E7F}.Release|Any CPU.ActiveCfg = Release|Any CPU
		{CC07EF8F-AD10-710D-0B6C-F895104F4E7F}.Release|Any CPU.Build.0 = Release|Any CPU
		{7C31E065-D9F4-8924-CEE1-0A1EFB7EBE93}.Debug|Any CPU.ActiveCfg = Debug|Any CPU
		{7C31E065-D9F4-8924-CEE1-0A1EFB7EBE93}.Debug|Any CPU.Build.0 = Debug|Any CPU
		{7C31E065-D9F4-8924-CEE1-0A1EFB7EBE93}.Release|Any CPU.ActiveCfg = Release|Any CPU
		{7C31E065-D9F4-8924-CEE1-0A1EFB7EBE93}.Release|Any CPU.Build.0 = Release|Any CPU
		{E184EE33-4C09-0E76-D9BA-BFD9149E64C6}.Debug|Any CPU.ActiveCfg = Debug|Any CPU
		{E184EE33-4C09-0E76-D9BA-BFD9149E64C6}.Debug|Any CPU.Build.0 = Debug|Any CPU
		{E184EE33-4C09-0E76-D9BA-BFD9149E64C6}.Release|Any CPU.ActiveCfg = Release|Any CPU
		{E184EE33-4C09-0E76-D9BA-BFD9149E64C6}.Release|Any CPU.Build.0 = Release|Any CPU
		{C60B4824-E9AF-4E5C-0929-335DE0DBB950}.Debug|Any CPU.ActiveCfg = Debug|Any CPU
		{C60B4824-E9AF-4E5C-0929-335DE0DBB950}.Debug|Any CPU.Build.0 = Debug|Any CPU
		{C60B4824-E9AF-4E5C-0929-335DE0DBB950}.Release|Any CPU.ActiveCfg = Release|Any CPU
		{C60B4824-E9AF-4E5C-0929-335DE0DBB950}.Release|Any CPU.Build.0 = Release|Any CPU
	EndGlobalSection
	GlobalSection(SolutionProperties) = preSolution
		HideSolutionNode = FALSE
	EndGlobalSection
EndGlobal
